// !$*UTF8*$!
{
	archiveVersion = 1;
	classes = {
	};
	objectVersion = 50;
	objects = {

/* Begin PBXBuildFile section */
		AEBE4EA9F1588D501E4994B2 /* Pods_IOTPay_iOS.framework in Frameworks */ = {isa = PBXBuildFile; fileRef = 8AEF29BE288042DA50F76151 /* Pods_IOTPay_iOS.framework */; };
		FA343290263654F2009A17C0 /* IOTPay_iOS.h in Headers */ = {isa = PBXBuildFile; fileRef = FA34328E263654F2009A17C0 /* IOTPay_iOS.h */; settings = {ATTRIBUTES = (Public, ); }; };
		FA3432E626365845009A17C0 /* Loader.swift in Sources */ = {isa = PBXBuildFile; fileRef = FA34329E26365844009A17C0 /* Loader.swift */; };
		FA3432E726365845009A17C0 /* DYUIHelper.swift in Sources */ = {isa = PBXBuildFile; fileRef = FA34329F26365844009A17C0 /* DYUIHelper.swift */; };
		FA3432E826365845009A17C0 /* DYSegmenter.swift in Sources */ = {isa = PBXBuildFile; fileRef = FA3432A026365844009A17C0 /* DYSegmenter.swift */; };
		FA3432E926365845009A17C0 /* IOTCardBrand.swift in Sources */ = {isa = PBXBuildFile; fileRef = FA3432A226365844009A17C0 /* IOTCardBrand.swift */; };
		FA3432EA26365845009A17C0 /* IOTSegmentModel.swift in Sources */ = {isa = PBXBuildFile; fileRef = FA3432A326365844009A17C0 /* IOTSegmentModel.swift */; };
		FA3432EB26365845009A17C0 /* IOTCardTypePerdicationModel.swift in Sources */ = {isa = PBXBuildFile; fileRef = FA3432A426365844009A17C0 /* IOTCardTypePerdicationModel.swift */; };
		FA3432EC26365845009A17C0 /* IOTOutputFormatModel.swift in Sources */ = {isa = PBXBuildFile; fileRef = FA3432A526365844009A17C0 /* IOTOutputFormatModel.swift */; };
		FA3432ED26365845009A17C0 /* IOTCardAnimationModel.swift in Sources */ = {isa = PBXBuildFile; fileRef = FA3432A626365844009A17C0 /* IOTCardAnimationModel.swift */; };
		FA3432EE26365845009A17C0 /* IOTTextFieldEnums.swift in Sources */ = {isa = PBXBuildFile; fileRef = FA3432A726365844009A17C0 /* IOTTextFieldEnums.swift */; };
		FA3432EF26365845009A17C0 /* IOTCardInfoViewStyle.swift in Sources */ = {isa = PBXBuildFile; fileRef = FA3432A826365844009A17C0 /* IOTCardInfoViewStyle.swift */; };
		FA3432F026365845009A17C0 /* IOTInputValidateModel.swift in Sources */ = {isa = PBXBuildFile; fileRef = FA3432A926365844009A17C0 /* IOTInputValidateModel.swift */; };
		FA3432F126365845009A17C0 /* IOTCardInfo.swift in Sources */ = {isa = PBXBuildFile; fileRef = FA3432AA26365844009A17C0 /* IOTCardInfo.swift */; };
		FA3432F226365845009A17C0 /* IOTCardValidatingRegulation.swift in Sources */ = {isa = PBXBuildFile; fileRef = FA3432AB26365844009A17C0 /* IOTCardValidatingRegulation.swift */; };
		FA3432F326365845009A17C0 /* IOTTextFieldFactory.swift in Sources */ = {isa = PBXBuildFile; fileRef = FA3432AC26365844009A17C0 /* IOTTextFieldFactory.swift */; };
		FA3432F426365845009A17C0 /* IOTComponetsWidthRatioAtState.swift in Sources */ = {isa = PBXBuildFile; fileRef = FA3432AD26365844009A17C0 /* IOTComponetsWidthRatioAtState.swift */; };
		FA3432F526365845009A17C0 /* IOTCardInfoValidationError.swift in Sources */ = {isa = PBXBuildFile; fileRef = FA3432AE26365844009A17C0 /* IOTCardInfoValidationError.swift */; };
		FA3432F626365845009A17C0 /* IOTInputFilterModel.swift in Sources */ = {isa = PBXBuildFile; fileRef = FA3432AF26365844009A17C0 /* IOTInputFilterModel.swift */; };
		FA3432F726365845009A17C0 /* IOTColor.swift in Sources */ = {isa = PBXBuildFile; fileRef = FA3432B026365844009A17C0 /* IOTColor.swift */; };
		FA3432F826365845009A17C0 /* IOTCardPatternPrediction.swift in Sources */ = {isa = PBXBuildFile; fileRef = FA3432B126365844009A17C0 /* IOTCardPatternPrediction.swift */; };
		FA3432F926365845009A17C0 /* IOTCardInfoViewModel.swift in Sources */ = {isa = PBXBuildFile; fileRef = FA3432B226365844009A17C0 /* IOTCardInfoViewModel.swift */; };
		FA3432FA26365845009A17C0 /* IOTTextFieldAnimationModel.swift in Sources */ = {isa = PBXBuildFile; fileRef = FA3432B326365844009A17C0 /* IOTTextFieldAnimationModel.swift */; };
		FA3432FB26365845009A17C0 /* IOTCardIconState.swift in Sources */ = {isa = PBXBuildFile; fileRef = FA3432B426365844009A17C0 /* IOTCardIconState.swift */; };
		FA3432FC26365845009A17C0 /* IOTTextFieldValidationState.swift in Sources */ = {isa = PBXBuildFile; fileRef = FA3432B526365844009A17C0 /* IOTTextFieldValidationState.swift */; };
		FA3432FD26365845009A17C0 /* IOTCardInfoViewLayout.swift in Sources */ = {isa = PBXBuildFile; fileRef = FA3432B626365844009A17C0 /* IOTCardInfoViewLayout.swift */; };
		FA3432FE26365845009A17C0 /* IOTRequestData.swift in Sources */ = {isa = PBXBuildFile; fileRef = FA3432B926365844009A17C0 /* IOTRequestData.swift */; };
		FA3432FF26365845009A17C0 /* IOTResponseData.swift in Sources */ = {isa = PBXBuildFile; fileRef = FA3432BA26365844009A17C0 /* IOTResponseData.swift */; };
		FA34330026365845009A17C0 /* IOTNetworkRequest.swift in Sources */ = {isa = PBXBuildFile; fileRef = FA3432BC26365844009A17C0 /* IOTNetworkRequest.swift */; };
		FA34330126365845009A17C0 /* HTTPURLEncoder.swift in Sources */ = {isa = PBXBuildFile; fileRef = FA3432BE26365844009A17C0 /* HTTPURLEncoder.swift */; };
		FA34330226365845009A17C0 /* HTTPResult.swift in Sources */ = {isa = PBXBuildFile; fileRef = FA3432BF26365844009A17C0 /* HTTPResult.swift */; };
		FA34330326365845009A17C0 /* HTTPRoute.swift in Sources */ = {isa = PBXBuildFile; fileRef = FA3432C026365844009A17C0 /* HTTPRoute.swift */; };
		FA34330426365845009A17C0 /* HTTPRequest.swift in Sources */ = {isa = PBXBuildFile; fileRef = FA3432C126365844009A17C0 /* HTTPRequest.swift */; };
		FA34330526365845009A17C0 /* HTTPResponse.swift in Sources */ = {isa = PBXBuildFile; fileRef = FA3432C226365844009A17C0 /* HTTPResponse.swift */; };
		FA34330626365845009A17C0 /* HTTPMethod.swift in Sources */ = {isa = PBXBuildFile; fileRef = FA3432C326365844009A17C0 /* HTTPMethod.swift */; };
		FA34330726365845009A17C0 /* HTTPError.swift in Sources */ = {isa = PBXBuildFile; fileRef = FA3432C426365844009A17C0 /* HTTPError.swift */; };
		FA34330826365845009A17C0 /* IOTNetworkService.swift in Sources */ = {isa = PBXBuildFile; fileRef = FA3432C626365844009A17C0 /* IOTNetworkService.swift */; };
		FA34330926365845009A17C0 /* IOTCvvTextField.swift in Sources */ = {isa = PBXBuildFile; fileRef = FA3432C826365844009A17C0 /* IOTCvvTextField.swift */; };
		FA34330A26365845009A17C0 /* IOTCardView.swift in Sources */ = {isa = PBXBuildFile; fileRef = FA3432C926365844009A17C0 /* IOTCardView.swift */; };
		FA34330B26365845009A17C0 /* IOTTextField.swift in Sources */ = {isa = PBXBuildFile; fileRef = FA3432CA26365844009A17C0 /* IOTTextField.swift */; };
		FA34330C26365845009A17C0 /* IOTCardImageView.swift in Sources */ = {isa = PBXBuildFile; fileRef = FA3432CB26365844009A17C0 /* IOTCardImageView.swift */; };
		FA34330D26365845009A17C0 /* IOTCardInfoViewTripleLine.swift in Sources */ = {isa = PBXBuildFile; fileRef = FA3432CC26365844009A17C0 /* IOTCardInfoViewTripleLine.swift */; };
		FA34330E26365845009A17C0 /* IOTCardInfoViewTripleLineNCardView.swift in Sources */ = {isa = PBXBuildFile; fileRef = FA3432CD26365844009A17C0 /* IOTCardInfoViewTripleLineNCardView.swift */; };
		FA34330F26365845009A17C0 /* IOTHolderNameTextField.swift in Sources */ = {isa = PBXBuildFile; fileRef = FA3432CE26365844009A17C0 /* IOTHolderNameTextField.swift */; };
		FA34331026365845009A17C0 /* IOTCardNumberTextField.swift in Sources */ = {isa = PBXBuildFile; fileRef = FA3432CF26365844009A17C0 /* IOTCardNumberTextField.swift */; };
		FA34331126365845009A17C0 /* IOTCardIconView.swift in Sources */ = {isa = PBXBuildFile; fileRef = FA3432D026365844009A17C0 /* IOTCardIconView.swift */; };
		FA34331226365845009A17C0 /* IOTCardInfoComponents.swift in Sources */ = {isa = PBXBuildFile; fileRef = FA3432D126365844009A17C0 /* IOTCardInfoComponents.swift */; };
		FA34331326365845009A17C0 /* IOTDeformableCardInfoView.swift in Sources */ = {isa = PBXBuildFile; fileRef = FA3432D226365844009A17C0 /* IOTDeformableCardInfoView.swift */; };
		FA34331426365845009A17C0 /* IOTDeformableTextFieldAbstract.swift in Sources */ = {isa = PBXBuildFile; fileRef = FA3432D326365844009A17C0 /* IOTDeformableTextFieldAbstract.swift */; };
		FA34331526365845009A17C0 /* IOTCardInfoViewSingleLine.swift in Sources */ = {isa = PBXBuildFile; fileRef = FA3432D426365844009A17C0 /* IOTCardInfoViewSingleLine.swift */; };
		FA34331626365845009A17C0 /* IOTCardInfoComponentsView.swift in Sources */ = {isa = PBXBuildFile; fileRef = FA3432D526365844009A17C0 /* IOTCardInfoComponentsView.swift */; };
		FA34331726365845009A17C0 /* IOTExpiryDateTextField.swift in Sources */ = {isa = PBXBuildFile; fileRef = FA3432D626365844009A17C0 /* IOTExpiryDateTextField.swift */; };
		FA34331826365845009A17C0 /* IOTCardInfoView.swift in Sources */ = {isa = PBXBuildFile; fileRef = FA3432D726365844009A17C0 /* IOTCardInfoView.swift */; };
		FA34331926365845009A17C0 /* IOTCardIconViewModel.swift in Sources */ = {isa = PBXBuildFile; fileRef = FA3432D926365844009A17C0 /* IOTCardIconViewModel.swift */; };
		FA34331A26365845009A17C0 /* IOTExpiryDateTextFieldViewModel.swift in Sources */ = {isa = PBXBuildFile; fileRef = FA3432DA26365844009A17C0 /* IOTExpiryDateTextFieldViewModel.swift */; };
		FA34331B26365845009A17C0 /* IOTTextFieldViewModel.swift in Sources */ = {isa = PBXBuildFile; fileRef = FA3432DB26365844009A17C0 /* IOTTextFieldViewModel.swift */; };
		FA34331C26365845009A17C0 /* IOTDeformableCardInfoViewModel.swift in Sources */ = {isa = PBXBuildFile; fileRef = FA3432DC26365844009A17C0 /* IOTDeformableCardInfoViewModel.swift */; };
		FA34331D26365845009A17C0 /* IOTCvvTextFieldViewModel.swift in Sources */ = {isa = PBXBuildFile; fileRef = FA3432DD26365844009A17C0 /* IOTCvvTextFieldViewModel.swift */; };
		FA34331E26365845009A17C0 /* IOTCardNumberTextFieldViewModel.swift in Sources */ = {isa = PBXBuildFile; fileRef = FA3432DE26365844009A17C0 /* IOTCardNumberTextFieldViewModel.swift */; };
		FA34331F26365845009A17C0 /* IOTTextFiledsViewFacade.swift in Sources */ = {isa = PBXBuildFile; fileRef = FA3432DF26365844009A17C0 /* IOTTextFiledsViewFacade.swift */; };
		FA34332026365845009A17C0 /* IOTHolderNameTextFieldViewModel.swift in Sources */ = {isa = PBXBuildFile; fileRef = FA3432E026365844009A17C0 /* IOTHolderNameTextFieldViewModel.swift */; };
		FA34332126365845009A17C0 /* IOTCardInfoComponentsViewModel.swift in Sources */ = {isa = PBXBuildFile; fileRef = FA3432E126365844009A17C0 /* IOTCardInfoComponentsViewModel.swift */; };
		FA34332226365845009A17C0 /* Assets.xcassets in Resources */ = {isa = PBXBuildFile; fileRef = FA3432E326365844009A17C0 /* Assets.xcassets */; };
		FA34332326365845009A17C0 /* IOTLanguageAndText.swift in Sources */ = {isa = PBXBuildFile; fileRef = FA3432E526365844009A17C0 /* IOTLanguageAndText.swift */; };
/* End PBXBuildFile section */

/* Begin PBXContainerItemProxy section */
		FA5776C826365B9D001E8B91 /* PBXContainerItemProxy */ = {
			isa = PBXContainerItemProxy;
			containerPortal = FA5776C426365B9D001E8B91 /* OneTimePurchaseObjcExample.xcodeproj */;
			proxyType = 2;
			remoteGlobalIDString = FA3431AD26365145009A17C0;
			remoteInfo = OneTimePurchaseObjcExample;
		};
		FA5776D026365BAB001E8B91 /* PBXContainerItemProxy */ = {
			isa = PBXContainerItemProxy;
			containerPortal = FA5776CC26365BAB001E8B91 /* AddCardObjcExample.xcodeproj */;
			proxyType = 2;
			remoteGlobalIDString = FA34318826365129009A17C0;
			remoteInfo = AddCardObjcExample;
		};
		FA5776D826365BB5001E8B91 /* PBXContainerItemProxy */ = {
			isa = PBXContainerItemProxy;
			containerPortal = FA5776D426365BB5001E8B91 /* OneTimePurchaseSwiftExample.xcodeproj */;
			proxyType = 2;
			remoteGlobalIDString = FA3431672636510F009A17C0;
			remoteInfo = OneTimePurchaseSwiftExample;
		};
		FA5776E026365BC3001E8B91 /* PBXContainerItemProxy */ = {
			isa = PBXContainerItemProxy;
			containerPortal = FA5776DC26365BC3001E8B91 /* AddCardSwiftExample.xcodeproj */;
			proxyType = 2;
			remoteGlobalIDString = FA343147263650F3009A17C0;
			remoteInfo = AddCardSwiftExample;
		};
/* End PBXContainerItemProxy section */

/* Begin PBXFileReference section */
		27259ED13A62AF788F73DB50 /* Pods-IOTPay-iOS.release.xcconfig */ = {isa = PBXFileReference; includeInIndex = 1; lastKnownFileType = text.xcconfig; name = "Pods-IOTPay-iOS.release.xcconfig"; path = "Target Support Files/Pods-IOTPay-iOS/Pods-IOTPay-iOS.release.xcconfig"; sourceTree = "<group>"; };
		8AEF29BE288042DA50F76151 /* Pods_IOTPay_iOS.framework */ = {isa = PBXFileReference; explicitFileType = wrapper.framework; includeInIndex = 0; path = Pods_IOTPay_iOS.framework; sourceTree = BUILT_PRODUCTS_DIR; };
		F3ABB3DF172AF432EE574F07 /* Pods-IOTPay-iOS.debug.xcconfig */ = {isa = PBXFileReference; includeInIndex = 1; lastKnownFileType = text.xcconfig; name = "Pods-IOTPay-iOS.debug.xcconfig"; path = "Target Support Files/Pods-IOTPay-iOS/Pods-IOTPay-iOS.debug.xcconfig"; sourceTree = "<group>"; };
		FA34328B263654F2009A17C0 /* IOTPay_iOS.framework */ = {isa = PBXFileReference; explicitFileType = wrapper.framework; includeInIndex = 0; path = IOTPay_iOS.framework; sourceTree = BUILT_PRODUCTS_DIR; };
		FA34328E263654F2009A17C0 /* IOTPay_iOS.h */ = {isa = PBXFileReference; lastKnownFileType = sourcecode.c.h; path = IOTPay_iOS.h; sourceTree = "<group>"; };
		FA34328F263654F2009A17C0 /* Info.plist */ = {isa = PBXFileReference; lastKnownFileType = text.plist.xml; path = Info.plist; sourceTree = "<group>"; };
		FA34329E26365844009A17C0 /* Loader.swift */ = {isa = PBXFileReference; fileEncoding = 4; lastKnownFileType = sourcecode.swift; path = Loader.swift; sourceTree = "<group>"; };
		FA34329F26365844009A17C0 /* DYUIHelper.swift */ = {isa = PBXFileReference; fileEncoding = 4; lastKnownFileType = sourcecode.swift; path = DYUIHelper.swift; sourceTree = "<group>"; };
		FA3432A026365844009A17C0 /* DYSegmenter.swift */ = {isa = PBXFileReference; fileEncoding = 4; lastKnownFileType = sourcecode.swift; path = DYSegmenter.swift; sourceTree = "<group>"; };
		FA3432A226365844009A17C0 /* IOTCardBrand.swift */ = {isa = PBXFileReference; fileEncoding = 4; lastKnownFileType = sourcecode.swift; path = IOTCardBrand.swift; sourceTree = "<group>"; };
		FA3432A326365844009A17C0 /* IOTSegmentModel.swift */ = {isa = PBXFileReference; fileEncoding = 4; lastKnownFileType = sourcecode.swift; path = IOTSegmentModel.swift; sourceTree = "<group>"; };
		FA3432A426365844009A17C0 /* IOTCardTypePerdicationModel.swift */ = {isa = PBXFileReference; fileEncoding = 4; lastKnownFileType = sourcecode.swift; path = IOTCardTypePerdicationModel.swift; sourceTree = "<group>"; };
		FA3432A526365844009A17C0 /* IOTOutputFormatModel.swift */ = {isa = PBXFileReference; fileEncoding = 4; lastKnownFileType = sourcecode.swift; path = IOTOutputFormatModel.swift; sourceTree = "<group>"; };
		FA3432A626365844009A17C0 /* IOTCardAnimationModel.swift */ = {isa = PBXFileReference; fileEncoding = 4; lastKnownFileType = sourcecode.swift; path = IOTCardAnimationModel.swift; sourceTree = "<group>"; };
		FA3432A726365844009A17C0 /* IOTTextFieldEnums.swift */ = {isa = PBXFileReference; fileEncoding = 4; lastKnownFileType = sourcecode.swift; path = IOTTextFieldEnums.swift; sourceTree = "<group>"; };
		FA3432A826365844009A17C0 /* IOTCardInfoViewStyle.swift */ = {isa = PBXFileReference; fileEncoding = 4; lastKnownFileType = sourcecode.swift; path = IOTCardInfoViewStyle.swift; sourceTree = "<group>"; };
		FA3432A926365844009A17C0 /* IOTInputValidateModel.swift */ = {isa = PBXFileReference; fileEncoding = 4; lastKnownFileType = sourcecode.swift; path = IOTInputValidateModel.swift; sourceTree = "<group>"; };
		FA3432AA26365844009A17C0 /* IOTCardInfo.swift */ = {isa = PBXFileReference; fileEncoding = 4; lastKnownFileType = sourcecode.swift; path = IOTCardInfo.swift; sourceTree = "<group>"; };
		FA3432AB26365844009A17C0 /* IOTCardValidatingRegulation.swift */ = {isa = PBXFileReference; fileEncoding = 4; lastKnownFileType = sourcecode.swift; path = IOTCardValidatingRegulation.swift; sourceTree = "<group>"; };
		FA3432AC26365844009A17C0 /* IOTTextFieldFactory.swift */ = {isa = PBXFileReference; fileEncoding = 4; lastKnownFileType = sourcecode.swift; path = IOTTextFieldFactory.swift; sourceTree = "<group>"; };
		FA3432AD26365844009A17C0 /* IOTComponetsWidthRatioAtState.swift */ = {isa = PBXFileReference; fileEncoding = 4; lastKnownFileType = sourcecode.swift; path = IOTComponetsWidthRatioAtState.swift; sourceTree = "<group>"; };
		FA3432AE26365844009A17C0 /* IOTCardInfoValidationError.swift */ = {isa = PBXFileReference; fileEncoding = 4; lastKnownFileType = sourcecode.swift; path = IOTCardInfoValidationError.swift; sourceTree = "<group>"; };
		FA3432AF26365844009A17C0 /* IOTInputFilterModel.swift */ = {isa = PBXFileReference; fileEncoding = 4; lastKnownFileType = sourcecode.swift; path = IOTInputFilterModel.swift; sourceTree = "<group>"; };
		FA3432B026365844009A17C0 /* IOTColor.swift */ = {isa = PBXFileReference; fileEncoding = 4; lastKnownFileType = sourcecode.swift; path = IOTColor.swift; sourceTree = "<group>"; };
		FA3432B126365844009A17C0 /* IOTCardPatternPrediction.swift */ = {isa = PBXFileReference; fileEncoding = 4; lastKnownFileType = sourcecode.swift; path = IOTCardPatternPrediction.swift; sourceTree = "<group>"; };
		FA3432B226365844009A17C0 /* IOTCardInfoViewModel.swift */ = {isa = PBXFileReference; fileEncoding = 4; lastKnownFileType = sourcecode.swift; path = IOTCardInfoViewModel.swift; sourceTree = "<group>"; };
		FA3432B326365844009A17C0 /* IOTTextFieldAnimationModel.swift */ = {isa = PBXFileReference; fileEncoding = 4; lastKnownFileType = sourcecode.swift; path = IOTTextFieldAnimationModel.swift; sourceTree = "<group>"; };
		FA3432B426365844009A17C0 /* IOTCardIconState.swift */ = {isa = PBXFileReference; fileEncoding = 4; lastKnownFileType = sourcecode.swift; path = IOTCardIconState.swift; sourceTree = "<group>"; };
		FA3432B526365844009A17C0 /* IOTTextFieldValidationState.swift */ = {isa = PBXFileReference; fileEncoding = 4; lastKnownFileType = sourcecode.swift; path = IOTTextFieldValidationState.swift; sourceTree = "<group>"; };
		FA3432B626365844009A17C0 /* IOTCardInfoViewLayout.swift */ = {isa = PBXFileReference; fileEncoding = 4; lastKnownFileType = sourcecode.swift; path = IOTCardInfoViewLayout.swift; sourceTree = "<group>"; };
		FA3432B926365844009A17C0 /* IOTRequestData.swift */ = {isa = PBXFileReference; fileEncoding = 4; lastKnownFileType = sourcecode.swift; path = IOTRequestData.swift; sourceTree = "<group>"; };
		FA3432BA26365844009A17C0 /* IOTResponseData.swift */ = {isa = PBXFileReference; fileEncoding = 4; lastKnownFileType = sourcecode.swift; path = IOTResponseData.swift; sourceTree = "<group>"; };
		FA3432BC26365844009A17C0 /* IOTNetworkRequest.swift */ = {isa = PBXFileReference; fileEncoding = 4; lastKnownFileType = sourcecode.swift; path = IOTNetworkRequest.swift; sourceTree = "<group>"; };
		FA3432BE26365844009A17C0 /* HTTPURLEncoder.swift */ = {isa = PBXFileReference; fileEncoding = 4; lastKnownFileType = sourcecode.swift; path = HTTPURLEncoder.swift; sourceTree = "<group>"; };
		FA3432BF26365844009A17C0 /* HTTPResult.swift */ = {isa = PBXFileReference; fileEncoding = 4; lastKnownFileType = sourcecode.swift; path = HTTPResult.swift; sourceTree = "<group>"; };
		FA3432C026365844009A17C0 /* HTTPRoute.swift */ = {isa = PBXFileReference; fileEncoding = 4; lastKnownFileType = sourcecode.swift; path = HTTPRoute.swift; sourceTree = "<group>"; };
		FA3432C126365844009A17C0 /* HTTPRequest.swift */ = {isa = PBXFileReference; fileEncoding = 4; lastKnownFileType = sourcecode.swift; path = HTTPRequest.swift; sourceTree = "<group>"; };
		FA3432C226365844009A17C0 /* HTTPResponse.swift */ = {isa = PBXFileReference; fileEncoding = 4; lastKnownFileType = sourcecode.swift; path = HTTPResponse.swift; sourceTree = "<group>"; };
		FA3432C326365844009A17C0 /* HTTPMethod.swift */ = {isa = PBXFileReference; fileEncoding = 4; lastKnownFileType = sourcecode.swift; path = HTTPMethod.swift; sourceTree = "<group>"; };
		FA3432C426365844009A17C0 /* HTTPError.swift */ = {isa = PBXFileReference; fileEncoding = 4; lastKnownFileType = sourcecode.swift; path = HTTPError.swift; sourceTree = "<group>"; };
		FA3432C626365844009A17C0 /* IOTNetworkService.swift */ = {isa = PBXFileReference; fileEncoding = 4; lastKnownFileType = sourcecode.swift; path = IOTNetworkService.swift; sourceTree = "<group>"; };
		FA3432C826365844009A17C0 /* IOTCvvTextField.swift */ = {isa = PBXFileReference; fileEncoding = 4; lastKnownFileType = sourcecode.swift; path = IOTCvvTextField.swift; sourceTree = "<group>"; };
		FA3432C926365844009A17C0 /* IOTCardView.swift */ = {isa = PBXFileReference; fileEncoding = 4; lastKnownFileType = sourcecode.swift; path = IOTCardView.swift; sourceTree = "<group>"; };
		FA3432CA26365844009A17C0 /* IOTTextField.swift */ = {isa = PBXFileReference; fileEncoding = 4; lastKnownFileType = sourcecode.swift; path = IOTTextField.swift; sourceTree = "<group>"; };
		FA3432CB26365844009A17C0 /* IOTCardImageView.swift */ = {isa = PBXFileReference; fileEncoding = 4; lastKnownFileType = sourcecode.swift; path = IOTCardImageView.swift; sourceTree = "<group>"; };
		FA3432CC26365844009A17C0 /* IOTCardInfoViewTripleLine.swift */ = {isa = PBXFileReference; fileEncoding = 4; lastKnownFileType = sourcecode.swift; path = IOTCardInfoViewTripleLine.swift; sourceTree = "<group>"; };
		FA3432CD26365844009A17C0 /* IOTCardInfoViewTripleLineNCardView.swift */ = {isa = PBXFileReference; fileEncoding = 4; lastKnownFileType = sourcecode.swift; path = IOTCardInfoViewTripleLineNCardView.swift; sourceTree = "<group>"; };
		FA3432CE26365844009A17C0 /* IOTHolderNameTextField.swift */ = {isa = PBXFileReference; fileEncoding = 4; lastKnownFileType = sourcecode.swift; path = IOTHolderNameTextField.swift; sourceTree = "<group>"; };
		FA3432CF26365844009A17C0 /* IOTCardNumberTextField.swift */ = {isa = PBXFileReference; fileEncoding = 4; lastKnownFileType = sourcecode.swift; path = IOTCardNumberTextField.swift; sourceTree = "<group>"; };
		FA3432D026365844009A17C0 /* IOTCardIconView.swift */ = {isa = PBXFileReference; fileEncoding = 4; lastKnownFileType = sourcecode.swift; path = IOTCardIconView.swift; sourceTree = "<group>"; };
		FA3432D126365844009A17C0 /* IOTCardInfoComponents.swift */ = {isa = PBXFileReference; fileEncoding = 4; lastKnownFileType = sourcecode.swift; path = IOTCardInfoComponents.swift; sourceTree = "<group>"; };
		FA3432D226365844009A17C0 /* IOTDeformableCardInfoView.swift */ = {isa = PBXFileReference; fileEncoding = 4; lastKnownFileType = sourcecode.swift; path = IOTDeformableCardInfoView.swift; sourceTree = "<group>"; };
		FA3432D326365844009A17C0 /* IOTDeformableTextFieldAbstract.swift */ = {isa = PBXFileReference; fileEncoding = 4; lastKnownFileType = sourcecode.swift; path = IOTDeformableTextFieldAbstract.swift; sourceTree = "<group>"; };
		FA3432D426365844009A17C0 /* IOTCardInfoViewSingleLine.swift */ = {isa = PBXFileReference; fileEncoding = 4; lastKnownFileType = sourcecode.swift; path = IOTCardInfoViewSingleLine.swift; sourceTree = "<group>"; };
		FA3432D526365844009A17C0 /* IOTCardInfoComponentsView.swift */ = {isa = PBXFileReference; fileEncoding = 4; lastKnownFileType = sourcecode.swift; path = IOTCardInfoComponentsView.swift; sourceTree = "<group>"; };
		FA3432D626365844009A17C0 /* IOTExpiryDateTextField.swift */ = {isa = PBXFileReference; fileEncoding = 4; lastKnownFileType = sourcecode.swift; path = IOTExpiryDateTextField.swift; sourceTree = "<group>"; };
		FA3432D726365844009A17C0 /* IOTCardInfoView.swift */ = {isa = PBXFileReference; fileEncoding = 4; lastKnownFileType = sourcecode.swift; path = IOTCardInfoView.swift; sourceTree = "<group>"; };
		FA3432D926365844009A17C0 /* IOTCardIconViewModel.swift */ = {isa = PBXFileReference; fileEncoding = 4; lastKnownFileType = sourcecode.swift; path = IOTCardIconViewModel.swift; sourceTree = "<group>"; };
		FA3432DA26365844009A17C0 /* IOTExpiryDateTextFieldViewModel.swift */ = {isa = PBXFileReference; fileEncoding = 4; lastKnownFileType = sourcecode.swift; path = IOTExpiryDateTextFieldViewModel.swift; sourceTree = "<group>"; };
		FA3432DB26365844009A17C0 /* IOTTextFieldViewModel.swift */ = {isa = PBXFileReference; fileEncoding = 4; lastKnownFileType = sourcecode.swift; path = IOTTextFieldViewModel.swift; sourceTree = "<group>"; };
		FA3432DC26365844009A17C0 /* IOTDeformableCardInfoViewModel.swift */ = {isa = PBXFileReference; fileEncoding = 4; lastKnownFileType = sourcecode.swift; path = IOTDeformableCardInfoViewModel.swift; sourceTree = "<group>"; };
		FA3432DD26365844009A17C0 /* IOTCvvTextFieldViewModel.swift */ = {isa = PBXFileReference; fileEncoding = 4; lastKnownFileType = sourcecode.swift; path = IOTCvvTextFieldViewModel.swift; sourceTree = "<group>"; };
		FA3432DE26365844009A17C0 /* IOTCardNumberTextFieldViewModel.swift */ = {isa = PBXFileReference; fileEncoding = 4; lastKnownFileType = sourcecode.swift; path = IOTCardNumberTextFieldViewModel.swift; sourceTree = "<group>"; };
		FA3432DF26365844009A17C0 /* IOTTextFiledsViewFacade.swift */ = {isa = PBXFileReference; fileEncoding = 4; lastKnownFileType = sourcecode.swift; path = IOTTextFiledsViewFacade.swift; sourceTree = "<group>"; };
		FA3432E026365844009A17C0 /* IOTHolderNameTextFieldViewModel.swift */ = {isa = PBXFileReference; fileEncoding = 4; lastKnownFileType = sourcecode.swift; path = IOTHolderNameTextFieldViewModel.swift; sourceTree = "<group>"; };
		FA3432E126365844009A17C0 /* IOTCardInfoComponentsViewModel.swift */ = {isa = PBXFileReference; fileEncoding = 4; lastKnownFileType = sourcecode.swift; path = IOTCardInfoComponentsViewModel.swift; sourceTree = "<group>"; };
		FA3432E326365844009A17C0 /* Assets.xcassets */ = {isa = PBXFileReference; lastKnownFileType = folder.assetcatalog; path = Assets.xcassets; sourceTree = "<group>"; };
		FA3432E526365844009A17C0 /* IOTLanguageAndText.swift */ = {isa = PBXFileReference; fileEncoding = 4; lastKnownFileType = sourcecode.swift; path = IOTLanguageAndText.swift; sourceTree = "<group>"; };
		FA5776C426365B9D001E8B91 /* OneTimePurchaseObjcExample.xcodeproj */ = {isa = PBXFileReference; lastKnownFileType = "wrapper.pb-project"; name = OneTimePurchaseObjcExample.xcodeproj; path = OneTimePurchaseObjcExample/OneTimePurchaseObjcExample.xcodeproj; sourceTree = "<group>"; };
		FA5776CC26365BAB001E8B91 /* AddCardObjcExample.xcodeproj */ = {isa = PBXFileReference; lastKnownFileType = "wrapper.pb-project"; name = AddCardObjcExample.xcodeproj; path = AddCardObjcExample/AddCardObjcExample.xcodeproj; sourceTree = "<group>"; };
		FA5776D426365BB5001E8B91 /* OneTimePurchaseSwiftExample.xcodeproj */ = {isa = PBXFileReference; lastKnownFileType = "wrapper.pb-project"; name = OneTimePurchaseSwiftExample.xcodeproj; path = OneTimePurchaseSwiftExample/OneTimePurchaseSwiftExample.xcodeproj; sourceTree = "<group>"; };
		FA5776DC26365BC3001E8B91 /* AddCardSwiftExample.xcodeproj */ = {isa = PBXFileReference; lastKnownFileType = "wrapper.pb-project"; name = AddCardSwiftExample.xcodeproj; path = AddCardSwiftExample/AddCardSwiftExample.xcodeproj; sourceTree = "<group>"; };
/* End PBXFileReference section */

/* Begin PBXFrameworksBuildPhase section */
		FA343288263654F2009A17C0 /* Frameworks */ = {
			isa = PBXFrameworksBuildPhase;
			buildActionMask = 2147483647;
			files = (
				AEBE4EA9F1588D501E4994B2 /* Pods_IOTPay_iOS.framework in Frameworks */,
			);
			runOnlyForDeploymentPostprocessing = 0;
		};
/* End PBXFrameworksBuildPhase section */

/* Begin PBXGroup section */
		87794DE6E6A101391A8C1EDD /* Pods */ = {
			isa = PBXGroup;
			children = (
				F3ABB3DF172AF432EE574F07 /* Pods-IOTPay-iOS.debug.xcconfig */,
				27259ED13A62AF788F73DB50 /* Pods-IOTPay-iOS.release.xcconfig */,
			);
			path = Pods;
			sourceTree = "<group>";
		};
		A4FC31DF7735FEE495328B4E /* Frameworks */ = {
			isa = PBXGroup;
			children = (
				8AEF29BE288042DA50F76151 /* Pods_IOTPay_iOS.framework */,
			);
			name = Frameworks;
			sourceTree = "<group>";
		};
		FA343281263654F2009A17C0 = {
			isa = PBXGroup;
			children = (
				FA34332B26365B29009A17C0 /* Examples */,
				FA34328D263654F2009A17C0 /* IOTPay-iOS */,
				FA34328C263654F2009A17C0 /* Products */,
				87794DE6E6A101391A8C1EDD /* Pods */,
				A4FC31DF7735FEE495328B4E /* Frameworks */,
			);
			sourceTree = "<group>";
		};
		FA34328C263654F2009A17C0 /* Products */ = {
			isa = PBXGroup;
			children = (
				FA34328B263654F2009A17C0 /* IOTPay_iOS.framework */,
			);
			name = Products;
			sourceTree = "<group>";
		};
		FA34328D263654F2009A17C0 /* IOTPay-iOS */ = {
			isa = PBXGroup;
			children = (
				FA3432E426365844009A17C0 /* Localization */,
				FA3432A126365844009A17C0 /* Models */,
				FA3432B726365844009A17C0 /* Network */,
				FA3432E226365844009A17C0 /* Resources */,
				FA34329D26365844009A17C0 /* UIHelpers */,
				FA3432D826365844009A17C0 /* ViewModels */,
				FA3432C726365844009A17C0 /* Views */,
				FA34328E263654F2009A17C0 /* IOTPay_iOS.h */,
				FA34328F263654F2009A17C0 /* Info.plist */,
			);
			path = "IOTPay-iOS";
			sourceTree = "<group>";
		};
		FA34329D26365844009A17C0 /* UIHelpers */ = {
			isa = PBXGroup;
			children = (
				FA34329E26365844009A17C0 /* Loader.swift */,
				FA34329F26365844009A17C0 /* DYUIHelper.swift */,
				FA3432A026365844009A17C0 /* DYSegmenter.swift */,
			);
			path = UIHelpers;
			sourceTree = "<group>";
		};
		FA3432A126365844009A17C0 /* Models */ = {
			isa = PBXGroup;
			children = (
				FA3432A226365844009A17C0 /* IOTCardBrand.swift */,
				FA3432A326365844009A17C0 /* IOTSegmentModel.swift */,
				FA3432A426365844009A17C0 /* IOTCardTypePerdicationModel.swift */,
				FA3432A526365844009A17C0 /* IOTOutputFormatModel.swift */,
				FA3432A626365844009A17C0 /* IOTCardAnimationModel.swift */,
				FA3432A726365844009A17C0 /* IOTTextFieldEnums.swift */,
				FA3432A826365844009A17C0 /* IOTCardInfoViewStyle.swift */,
				FA3432A926365844009A17C0 /* IOTInputValidateModel.swift */,
				FA3432AA26365844009A17C0 /* IOTCardInfo.swift */,
				FA3432AB26365844009A17C0 /* IOTCardValidatingRegulation.swift */,
				FA3432AC26365844009A17C0 /* IOTTextFieldFactory.swift */,
				FA3432AD26365844009A17C0 /* IOTComponetsWidthRatioAtState.swift */,
				FA3432AE26365844009A17C0 /* IOTCardInfoValidationError.swift */,
				FA3432AF26365844009A17C0 /* IOTInputFilterModel.swift */,
				FA3432B026365844009A17C0 /* IOTColor.swift */,
				FA3432B126365844009A17C0 /* IOTCardPatternPrediction.swift */,
				FA3432B226365844009A17C0 /* IOTCardInfoViewModel.swift */,
				FA3432B326365844009A17C0 /* IOTTextFieldAnimationModel.swift */,
				FA3432B426365844009A17C0 /* IOTCardIconState.swift */,
				FA3432B526365844009A17C0 /* IOTTextFieldValidationState.swift */,
				FA3432B626365844009A17C0 /* IOTCardInfoViewLayout.swift */,
			);
			path = Models;
			sourceTree = "<group>";
		};
		FA3432B726365844009A17C0 /* Network */ = {
			isa = PBXGroup;
			children = (
				FA3432B826365844009A17C0 /* Codable */,
				FA3432BB26365844009A17C0 /* Requests */,
				FA3432BD26365844009A17C0 /* HTTP */,
				FA3432C526365844009A17C0 /* Service */,
			);
			path = Network;
			sourceTree = "<group>";
		};
		FA3432B826365844009A17C0 /* Codable */ = {
			isa = PBXGroup;
			children = (
				FA3432B926365844009A17C0 /* IOTRequestData.swift */,
				FA3432BA26365844009A17C0 /* IOTResponseData.swift */,
			);
			path = Codable;
			sourceTree = "<group>";
		};
		FA3432BB26365844009A17C0 /* Requests */ = {
			isa = PBXGroup;
			children = (
				FA3432BC26365844009A17C0 /* IOTNetworkRequest.swift */,
			);
			path = Requests;
			sourceTree = "<group>";
		};
		FA3432BD26365844009A17C0 /* HTTP */ = {
			isa = PBXGroup;
			children = (
				FA3432BE26365844009A17C0 /* HTTPURLEncoder.swift */,
				FA3432BF26365844009A17C0 /* HTTPResult.swift */,
				FA3432C026365844009A17C0 /* HTTPRoute.swift */,
				FA3432C126365844009A17C0 /* HTTPRequest.swift */,
				FA3432C226365844009A17C0 /* HTTPResponse.swift */,
				FA3432C326365844009A17C0 /* HTTPMethod.swift */,
				FA3432C426365844009A17C0 /* HTTPError.swift */,
			);
			path = HTTP;
			sourceTree = "<group>";
		};
		FA3432C526365844009A17C0 /* Service */ = {
			isa = PBXGroup;
			children = (
				FA3432C626365844009A17C0 /* IOTNetworkService.swift */,
			);
			path = Service;
			sourceTree = "<group>";
		};
		FA3432C726365844009A17C0 /* Views */ = {
			isa = PBXGroup;
			children = (
				FA3432C826365844009A17C0 /* IOTCvvTextField.swift */,
				FA3432C926365844009A17C0 /* IOTCardView.swift */,
				FA3432CA26365844009A17C0 /* IOTTextField.swift */,
				FA3432CB26365844009A17C0 /* IOTCardImageView.swift */,
				FA3432CC26365844009A17C0 /* IOTCardInfoViewTripleLine.swift */,
				FA3432CD26365844009A17C0 /* IOTCardInfoViewTripleLineNCardView.swift */,
				FA3432CE26365844009A17C0 /* IOTHolderNameTextField.swift */,
				FA3432CF26365844009A17C0 /* IOTCardNumberTextField.swift */,
				FA3432D026365844009A17C0 /* IOTCardIconView.swift */,
				FA3432D126365844009A17C0 /* IOTCardInfoComponents.swift */,
				FA3432D226365844009A17C0 /* IOTDeformableCardInfoView.swift */,
				FA3432D326365844009A17C0 /* IOTDeformableTextFieldAbstract.swift */,
				FA3432D426365844009A17C0 /* IOTCardInfoViewSingleLine.swift */,
				FA3432D526365844009A17C0 /* IOTCardInfoComponentsView.swift */,
				FA3432D626365844009A17C0 /* IOTExpiryDateTextField.swift */,
				FA3432D726365844009A17C0 /* IOTCardInfoView.swift */,
			);
			path = Views;
			sourceTree = "<group>";
		};
		FA3432D826365844009A17C0 /* ViewModels */ = {
			isa = PBXGroup;
			children = (
				FA3432D926365844009A17C0 /* IOTCardIconViewModel.swift */,
				FA3432DA26365844009A17C0 /* IOTExpiryDateTextFieldViewModel.swift */,
				FA3432DB26365844009A17C0 /* IOTTextFieldViewModel.swift */,
				FA3432DC26365844009A17C0 /* IOTDeformableCardInfoViewModel.swift */,
				FA3432DD26365844009A17C0 /* IOTCvvTextFieldViewModel.swift */,
				FA3432DE26365844009A17C0 /* IOTCardNumberTextFieldViewModel.swift */,
				FA3432DF26365844009A17C0 /* IOTTextFiledsViewFacade.swift */,
				FA3432E026365844009A17C0 /* IOTHolderNameTextFieldViewModel.swift */,
				FA3432E126365844009A17C0 /* IOTCardInfoComponentsViewModel.swift */,
			);
			path = ViewModels;
			sourceTree = "<group>";
		};
		FA3432E226365844009A17C0 /* Resources */ = {
			isa = PBXGroup;
			children = (
				FA3432E326365844009A17C0 /* Assets.xcassets */,
			);
			path = Resources;
			sourceTree = "<group>";
		};
		FA3432E426365844009A17C0 /* Localization */ = {
			isa = PBXGroup;
			children = (
				FA3432E526365844009A17C0 /* IOTLanguageAndText.swift */,
			);
			path = Localization;
			sourceTree = "<group>";
		};
		FA34332B26365B29009A17C0 /* Examples */ = {
			isa = PBXGroup;
			children = (
				FA5776DC26365BC3001E8B91 /* AddCardSwiftExample.xcodeproj */,
				FA5776D426365BB5001E8B91 /* OneTimePurchaseSwiftExample.xcodeproj */,
				FA5776CC26365BAB001E8B91 /* AddCardObjcExample.xcodeproj */,
				FA5776C426365B9D001E8B91 /* OneTimePurchaseObjcExample.xcodeproj */,
			);
			path = Examples;
			sourceTree = "<group>";
		};
		FA5776C526365B9D001E8B91 /* Products */ = {
			isa = PBXGroup;
			children = (
				FA5776C926365B9D001E8B91 /* OneTimePurchaseObjcExample.app */,
			);
			name = Products;
			sourceTree = "<group>";
		};
		FA5776CD26365BAB001E8B91 /* Products */ = {
			isa = PBXGroup;
			children = (
				FA5776D126365BAB001E8B91 /* AddCardObjcExample.app */,
			);
			name = Products;
			sourceTree = "<group>";
		};
		FA5776D526365BB5001E8B91 /* Products */ = {
			isa = PBXGroup;
			children = (
				FA5776D926365BB5001E8B91 /* OneTimePurchaseSwiftExample.app */,
			);
			name = Products;
			sourceTree = "<group>";
		};
		FA5776DD26365BC3001E8B91 /* Products */ = {
			isa = PBXGroup;
			children = (
				FA5776E126365BC3001E8B91 /* AddCardSwiftExample.app */,
			);
			name = Products;
			sourceTree = "<group>";
		};
/* End PBXGroup section */

/* Begin PBXHeadersBuildPhase section */
		FA343286263654F2009A17C0 /* Headers */ = {
			isa = PBXHeadersBuildPhase;
			buildActionMask = 2147483647;
			files = (
				FA343290263654F2009A17C0 /* IOTPay_iOS.h in Headers */,
			);
			runOnlyForDeploymentPostprocessing = 0;
		};
/* End PBXHeadersBuildPhase section */

/* Begin PBXNativeTarget section */
		FA34328A263654F2009A17C0 /* IOTPay-iOS */ = {
			isa = PBXNativeTarget;
			buildConfigurationList = FA343293263654F2009A17C0 /* Build configuration list for PBXNativeTarget "IOTPay-iOS" */;
			buildPhases = (
				86F96398A8F3DEF5AA896DD3 /* [CP] Check Pods Manifest.lock */,
				FA343286263654F2009A17C0 /* Headers */,
				FA343287263654F2009A17C0 /* Sources */,
				FA343288263654F2009A17C0 /* Frameworks */,
				FA343289263654F2009A17C0 /* Resources */,
			);
			buildRules = (
			);
			dependencies = (
			);
			name = "IOTPay-iOS";
			productName = "IOTPay-iOS";
			productReference = FA34328B263654F2009A17C0 /* IOTPay_iOS.framework */;
			productType = "com.apple.product-type.framework";
		};
/* End PBXNativeTarget section */

/* Begin PBXProject section */
		FA343282263654F2009A17C0 /* Project object */ = {
			isa = PBXProject;
			attributes = {
				LastUpgradeCheck = 1240;
				TargetAttributes = {
					FA34328A263654F2009A17C0 = {
						CreatedOnToolsVersion = 12.4;
					};
				};
			};
			buildConfigurationList = FA343285263654F2009A17C0 /* Build configuration list for PBXProject "IOTPay-iOS" */;
			compatibilityVersion = "Xcode 9.3";
			developmentRegion = en;
			hasScannedForEncodings = 0;
			knownRegions = (
				en,
				Base,
			);
			mainGroup = FA343281263654F2009A17C0;
			productRefGroup = FA34328C263654F2009A17C0 /* Products */;
			projectDirPath = "";
			projectReferences = (
				{
					ProductGroup = FA5776CD26365BAB001E8B91 /* Products */;
					ProjectRef = FA5776CC26365BAB001E8B91 /* AddCardObjcExample.xcodeproj */;
				},
				{
					ProductGroup = FA5776DD26365BC3001E8B91 /* Products */;
					ProjectRef = FA5776DC26365BC3001E8B91 /* AddCardSwiftExample.xcodeproj */;
				},
				{
					ProductGroup = FA5776C526365B9D001E8B91 /* Products */;
					ProjectRef = FA5776C426365B9D001E8B91 /* OneTimePurchaseObjcExample.xcodeproj */;
				},
				{
					ProductGroup = FA5776D526365BB5001E8B91 /* Products */;
					ProjectRef = FA5776D426365BB5001E8B91 /* OneTimePurchaseSwiftExample.xcodeproj */;
				},
			);
			projectRoot = "";
			targets = (
				FA34328A263654F2009A17C0 /* IOTPay-iOS */,
			);
		};
/* End PBXProject section */

/* Begin PBXReferenceProxy section */
		FA5776C926365B9D001E8B91 /* OneTimePurchaseObjcExample.app */ = {
			isa = PBXReferenceProxy;
			fileType = wrapper.application;
			path = OneTimePurchaseObjcExample.app;
			remoteRef = FA5776C826365B9D001E8B91 /* PBXContainerItemProxy */;
			sourceTree = BUILT_PRODUCTS_DIR;
		};
		FA5776D126365BAB001E8B91 /* AddCardObjcExample.app */ = {
			isa = PBXReferenceProxy;
			fileType = wrapper.application;
			path = AddCardObjcExample.app;
			remoteRef = FA5776D026365BAB001E8B91 /* PBXContainerItemProxy */;
			sourceTree = BUILT_PRODUCTS_DIR;
		};
		FA5776D926365BB5001E8B91 /* OneTimePurchaseSwiftExample.app */ = {
			isa = PBXReferenceProxy;
			fileType = wrapper.application;
			path = OneTimePurchaseSwiftExample.app;
			remoteRef = FA5776D826365BB5001E8B91 /* PBXContainerItemProxy */;
			sourceTree = BUILT_PRODUCTS_DIR;
		};
		FA5776E126365BC3001E8B91 /* AddCardSwiftExample.app */ = {
			isa = PBXReferenceProxy;
			fileType = wrapper.application;
			path = AddCardSwiftExample.app;
			remoteRef = FA5776E026365BC3001E8B91 /* PBXContainerItemProxy */;
			sourceTree = BUILT_PRODUCTS_DIR;
		};
/* End PBXReferenceProxy section */

/* Begin PBXResourcesBuildPhase section */
		FA343289263654F2009A17C0 /* Resources */ = {
			isa = PBXResourcesBuildPhase;
			buildActionMask = 2147483647;
			files = (
				FA34332226365845009A17C0 /* Assets.xcassets in Resources */,
			);
			runOnlyForDeploymentPostprocessing = 0;
		};
/* End PBXResourcesBuildPhase section */

/* Begin PBXShellScriptBuildPhase section */
		86F96398A8F3DEF5AA896DD3 /* [CP] Check Pods Manifest.lock */ = {
			isa = PBXShellScriptBuildPhase;
			buildActionMask = 2147483647;
			files = (
			);
			inputFileListPaths = (
			);
			inputPaths = (
				"${PODS_PODFILE_DIR_PATH}/Podfile.lock",
				"${PODS_ROOT}/Manifest.lock",
			);
			name = "[CP] Check Pods Manifest.lock";
			outputFileListPaths = (
			);
			outputPaths = (
				"$(DERIVED_FILE_DIR)/Pods-IOTPay-iOS-checkManifestLockResult.txt",
			);
			runOnlyForDeploymentPostprocessing = 0;
			shellPath = /bin/sh;
			shellScript = "diff \"${PODS_PODFILE_DIR_PATH}/Podfile.lock\" \"${PODS_ROOT}/Manifest.lock\" > /dev/null\nif [ $? != 0 ] ; then\n    # print error to STDERR\n    echo \"error: The sandbox is not in sync with the Podfile.lock. Run 'pod install' or update your CocoaPods installation.\" >&2\n    exit 1\nfi\n# This output is used by Xcode 'outputs' to avoid re-running this script phase.\necho \"SUCCESS\" > \"${SCRIPT_OUTPUT_FILE_0}\"\n";
			showEnvVarsInLog = 0;
		};
/* End PBXShellScriptBuildPhase section */

/* Begin PBXSourcesBuildPhase section */
		FA343287263654F2009A17C0 /* Sources */ = {
			isa = PBXSourcesBuildPhase;
			buildActionMask = 2147483647;
			files = (
				FA3432E826365845009A17C0 /* DYSegmenter.swift in Sources */,
				FA3432EF26365845009A17C0 /* IOTCardInfoViewStyle.swift in Sources */,
				FA34331326365845009A17C0 /* IOTDeformableCardInfoView.swift in Sources */,
				FA34331E26365845009A17C0 /* IOTCardNumberTextFieldViewModel.swift in Sources */,
				FA34330126365845009A17C0 /* HTTPURLEncoder.swift in Sources */,
				FA34332326365845009A17C0 /* IOTLanguageAndText.swift in Sources */,
				FA3432F726365845009A17C0 /* IOTColor.swift in Sources */,
				FA34330E26365845009A17C0 /* IOTCardInfoViewTripleLineNCardView.swift in Sources */,
				FA34330926365845009A17C0 /* IOTCvvTextField.swift in Sources */,
				FA3432FB26365845009A17C0 /* IOTCardIconState.swift in Sources */,
				FA3432F126365845009A17C0 /* IOTCardInfo.swift in Sources */,
				FA34330D26365845009A17C0 /* IOTCardInfoViewTripleLine.swift in Sources */,
				FA34330C26365845009A17C0 /* IOTCardImageView.swift in Sources */,
				FA34330226365845009A17C0 /* HTTPResult.swift in Sources */,
				FA3432FF26365845009A17C0 /* IOTResponseData.swift in Sources */,
				FA34331726365845009A17C0 /* IOTExpiryDateTextField.swift in Sources */,
				FA3432EA26365845009A17C0 /* IOTSegmentModel.swift in Sources */,
				FA34330426365845009A17C0 /* HTTPRequest.swift in Sources */,
				FA34331A26365845009A17C0 /* IOTExpiryDateTextFieldViewModel.swift in Sources */,
				FA34330A26365845009A17C0 /* IOTCardView.swift in Sources */,
				FA34331F26365845009A17C0 /* IOTTextFiledsViewFacade.swift in Sources */,
				FA3432F526365845009A17C0 /* IOTCardInfoValidationError.swift in Sources */,
				FA34331526365845009A17C0 /* IOTCardInfoViewSingleLine.swift in Sources */,
				FA3432F226365845009A17C0 /* IOTCardValidatingRegulation.swift in Sources */,
				FA34330026365845009A17C0 /* IOTNetworkRequest.swift in Sources */,
				FA3432F426365845009A17C0 /* IOTComponetsWidthRatioAtState.swift in Sources */,
				FA34330F26365845009A17C0 /* IOTHolderNameTextField.swift in Sources */,
				FA34330626365845009A17C0 /* HTTPMethod.swift in Sources */,
				FA3432FD26365845009A17C0 /* IOTCardInfoViewLayout.swift in Sources */,
				FA34330726365845009A17C0 /* HTTPError.swift in Sources */,
				FA34332026365845009A17C0 /* IOTHolderNameTextFieldViewModel.swift in Sources */,
				FA3432EC26365845009A17C0 /* IOTOutputFormatModel.swift in Sources */,
				FA34332126365845009A17C0 /* IOTCardInfoComponentsViewModel.swift in Sources */,
				FA34331226365845009A17C0 /* IOTCardInfoComponents.swift in Sources */,
				FA3432E726365845009A17C0 /* DYUIHelper.swift in Sources */,
				FA3432E926365845009A17C0 /* IOTCardBrand.swift in Sources */,
				FA34331626365845009A17C0 /* IOTCardInfoComponentsView.swift in Sources */,
				FA3432F026365845009A17C0 /* IOTInputValidateModel.swift in Sources */,
				FA34331B26365845009A17C0 /* IOTTextFieldViewModel.swift in Sources */,
				FA3432F626365845009A17C0 /* IOTInputFilterModel.swift in Sources */,
				FA34330B26365845009A17C0 /* IOTTextField.swift in Sources */,
				FA34330326365845009A17C0 /* HTTPRoute.swift in Sources */,
				FA34330826365845009A17C0 /* IOTNetworkService.swift in Sources */,
				FA3432F326365845009A17C0 /* IOTTextFieldFactory.swift in Sources */,
				FA3432FC26365845009A17C0 /* IOTTextFieldValidationState.swift in Sources */,
				FA3432ED26365845009A17C0 /* IOTCardAnimationModel.swift in Sources */,
				FA34331D26365845009A17C0 /* IOTCvvTextFieldViewModel.swift in Sources */,
				FA34331126365845009A17C0 /* IOTCardIconView.swift in Sources */,
				FA34331926365845009A17C0 /* IOTCardIconViewModel.swift in Sources */,
				FA3432F826365845009A17C0 /* IOTCardPatternPrediction.swift in Sources */,
				FA3432EE26365845009A17C0 /* IOTTextFieldEnums.swift in Sources */,
				FA3432FE26365845009A17C0 /* IOTRequestData.swift in Sources */,
				FA3432E626365845009A17C0 /* Loader.swift in Sources */,
				FA34331826365845009A17C0 /* IOTCardInfoView.swift in Sources */,
				FA34330526365845009A17C0 /* HTTPResponse.swift in Sources */,
				FA3432FA26365845009A17C0 /* IOTTextFieldAnimationModel.swift in Sources */,
				FA34331026365845009A17C0 /* IOTCardNumberTextField.swift in Sources */,
				FA3432EB26365845009A17C0 /* IOTCardTypePerdicationModel.swift in Sources */,
				FA34331426365845009A17C0 /* IOTDeformableTextFieldAbstract.swift in Sources */,
				FA3432F926365845009A17C0 /* IOTCardInfoViewModel.swift in Sources */,
				FA34331C26365845009A17C0 /* IOTDeformableCardInfoViewModel.swift in Sources */,
			);
			runOnlyForDeploymentPostprocessing = 0;
		};
/* End PBXSourcesBuildPhase section */

/* Begin XCBuildConfiguration section */
		FA343291263654F2009A17C0 /* Debug */ = {
			isa = XCBuildConfiguration;
			buildSettings = {
				ALWAYS_SEARCH_USER_PATHS = NO;
				CLANG_ANALYZER_NONNULL = YES;
				CLANG_ANALYZER_NUMBER_OBJECT_CONVERSION = YES_AGGRESSIVE;
				CLANG_CXX_LANGUAGE_STANDARD = "gnu++14";
				CLANG_CXX_LIBRARY = "libc++";
				CLANG_ENABLE_MODULES = YES;
				CLANG_ENABLE_OBJC_ARC = YES;
				CLANG_ENABLE_OBJC_WEAK = YES;
				CLANG_WARN_BLOCK_CAPTURE_AUTORELEASING = YES;
				CLANG_WARN_BOOL_CONVERSION = YES;
				CLANG_WARN_COMMA = YES;
				CLANG_WARN_CONSTANT_CONVERSION = YES;
				CLANG_WARN_DEPRECATED_OBJC_IMPLEMENTATIONS = YES;
				CLANG_WARN_DIRECT_OBJC_ISA_USAGE = YES_ERROR;
				CLANG_WARN_DOCUMENTATION_COMMENTS = YES;
				CLANG_WARN_EMPTY_BODY = YES;
				CLANG_WARN_ENUM_CONVERSION = YES;
				CLANG_WARN_INFINITE_RECURSION = YES;
				CLANG_WARN_INT_CONVERSION = YES;
				CLANG_WARN_NON_LITERAL_NULL_CONVERSION = YES;
				CLANG_WARN_OBJC_IMPLICIT_RETAIN_SELF = YES;
				CLANG_WARN_OBJC_LITERAL_CONVERSION = YES;
				CLANG_WARN_OBJC_ROOT_CLASS = YES_ERROR;
				CLANG_WARN_QUOTED_INCLUDE_IN_FRAMEWORK_HEADER = YES;
				CLANG_WARN_RANGE_LOOP_ANALYSIS = YES;
				CLANG_WARN_STRICT_PROTOTYPES = YES;
				CLANG_WARN_SUSPICIOUS_MOVE = YES;
				CLANG_WARN_UNGUARDED_AVAILABILITY = YES_AGGRESSIVE;
				CLANG_WARN_UNREACHABLE_CODE = YES;
				CLANG_WARN__DUPLICATE_METHOD_MATCH = YES;
				COPY_PHASE_STRIP = NO;
				CURRENT_PROJECT_VERSION = 1;
				DEBUG_INFORMATION_FORMAT = dwarf;
				ENABLE_STRICT_OBJC_MSGSEND = YES;
				ENABLE_TESTABILITY = YES;
				GCC_C_LANGUAGE_STANDARD = gnu11;
				GCC_DYNAMIC_NO_PIC = NO;
				GCC_NO_COMMON_BLOCKS = YES;
				GCC_OPTIMIZATION_LEVEL = 0;
				GCC_PREPROCESSOR_DEFINITIONS = (
					"DEBUG=1",
					"$(inherited)",
				);
				GCC_WARN_64_TO_32_BIT_CONVERSION = YES;
				GCC_WARN_ABOUT_RETURN_TYPE = YES_ERROR;
				GCC_WARN_UNDECLARED_SELECTOR = YES;
				GCC_WARN_UNINITIALIZED_AUTOS = YES_AGGRESSIVE;
				GCC_WARN_UNUSED_FUNCTION = YES;
				GCC_WARN_UNUSED_VARIABLE = YES;
				IPHONEOS_DEPLOYMENT_TARGET = 10.0;
				MTL_ENABLE_DEBUG_INFO = INCLUDE_SOURCE;
				MTL_FAST_MATH = YES;
				ONLY_ACTIVE_ARCH = YES;
				SDKROOT = iphoneos;
				SWIFT_ACTIVE_COMPILATION_CONDITIONS = DEBUG;
				SWIFT_OPTIMIZATION_LEVEL = "-Onone";
				VERSIONING_SYSTEM = "apple-generic";
				VERSION_INFO_PREFIX = "";
			};
			name = Debug;
		};
		FA343292263654F2009A17C0 /* Release */ = {
			isa = XCBuildConfiguration;
			buildSettings = {
				ALWAYS_SEARCH_USER_PATHS = NO;
				CLANG_ANALYZER_NONNULL = YES;
				CLANG_ANALYZER_NUMBER_OBJECT_CONVERSION = YES_AGGRESSIVE;
				CLANG_CXX_LANGUAGE_STANDARD = "gnu++14";
				CLANG_CXX_LIBRARY = "libc++";
				CLANG_ENABLE_MODULES = YES;
				CLANG_ENABLE_OBJC_ARC = YES;
				CLANG_ENABLE_OBJC_WEAK = YES;
				CLANG_WARN_BLOCK_CAPTURE_AUTORELEASING = YES;
				CLANG_WARN_BOOL_CONVERSION = YES;
				CLANG_WARN_COMMA = YES;
				CLANG_WARN_CONSTANT_CONVERSION = YES;
				CLANG_WARN_DEPRECATED_OBJC_IMPLEMENTATIONS = YES;
				CLANG_WARN_DIRECT_OBJC_ISA_USAGE = YES_ERROR;
				CLANG_WARN_DOCUMENTATION_COMMENTS = YES;
				CLANG_WARN_EMPTY_BODY = YES;
				CLANG_WARN_ENUM_CONVERSION = YES;
				CLANG_WARN_INFINITE_RECURSION = YES;
				CLANG_WARN_INT_CONVERSION = YES;
				CLANG_WARN_NON_LITERAL_NULL_CONVERSION = YES;
				CLANG_WARN_OBJC_IMPLICIT_RETAIN_SELF = YES;
				CLANG_WARN_OBJC_LITERAL_CONVERSION = YES;
				CLANG_WARN_OBJC_ROOT_CLASS = YES_ERROR;
				CLANG_WARN_QUOTED_INCLUDE_IN_FRAMEWORK_HEADER = YES;
				CLANG_WARN_RANGE_LOOP_ANALYSIS = YES;
				CLANG_WARN_STRICT_PROTOTYPES = YES;
				CLANG_WARN_SUSPICIOUS_MOVE = YES;
				CLANG_WARN_UNGUARDED_AVAILABILITY = YES_AGGRESSIVE;
				CLANG_WARN_UNREACHABLE_CODE = YES;
				CLANG_WARN__DUPLICATE_METHOD_MATCH = YES;
				COPY_PHASE_STRIP = NO;
				CURRENT_PROJECT_VERSION = 1;
				DEBUG_INFORMATION_FORMAT = "dwarf-with-dsym";
				ENABLE_NS_ASSERTIONS = NO;
				ENABLE_STRICT_OBJC_MSGSEND = YES;
				GCC_C_LANGUAGE_STANDARD = gnu11;
				GCC_NO_COMMON_BLOCKS = YES;
				GCC_WARN_64_TO_32_BIT_CONVERSION = YES;
				GCC_WARN_ABOUT_RETURN_TYPE = YES_ERROR;
				GCC_WARN_UNDECLARED_SELECTOR = YES;
				GCC_WARN_UNINITIALIZED_AUTOS = YES_AGGRESSIVE;
				GCC_WARN_UNUSED_FUNCTION = YES;
				GCC_WARN_UNUSED_VARIABLE = YES;
				IPHONEOS_DEPLOYMENT_TARGET = 10.0;
				MTL_ENABLE_DEBUG_INFO = NO;
				MTL_FAST_MATH = YES;
				SDKROOT = iphoneos;
				SWIFT_COMPILATION_MODE = wholemodule;
				SWIFT_OPTIMIZATION_LEVEL = "-O";
				VALIDATE_PRODUCT = YES;
				VERSIONING_SYSTEM = "apple-generic";
				VERSION_INFO_PREFIX = "";
			};
			name = Release;
		};
		FA343294263654F2009A17C0 /* Debug */ = {
			isa = XCBuildConfiguration;
			baseConfigurationReference = F3ABB3DF172AF432EE574F07 /* Pods-IOTPay-iOS.debug.xcconfig */;
			buildSettings = {
				CODE_SIGN_STYLE = Automatic;
				DEFINES_MODULE = YES;
				DEVELOPMENT_TEAM = WG5V7B83H4;
				DYLIB_COMPATIBILITY_VERSION = 1;
				DYLIB_CURRENT_VERSION = 1;
				DYLIB_INSTALL_NAME_BASE = "@rpath";
				INFOPLIST_FILE = "IOTPay-iOS/Info.plist";
				INSTALL_PATH = "$(LOCAL_LIBRARY_DIR)/Frameworks";
				IPHONEOS_DEPLOYMENT_TARGET = 10.0;
				LD_RUNPATH_SEARCH_PATHS = (
					"$(inherited)",
					"@executable_path/Frameworks",
					"@loader_path/Frameworks",
				);
				PRODUCT_BUNDLE_IDENTIFIER = "ca.iotpay.IOTPay-iOS";
				PRODUCT_NAME = "$(TARGET_NAME:c99extidentifier)";
				SKIP_INSTALL = YES;
				SWIFT_VERSION = 5.0;
				TARGETED_DEVICE_FAMILY = "1,2";
			};
			name = Debug;
		};
		FA343295263654F2009A17C0 /* Release */ = {
			isa = XCBuildConfiguration;
			baseConfigurationReference = 27259ED13A62AF788F73DB50 /* Pods-IOTPay-iOS.release.xcconfig */;
			buildSettings = {
				CODE_SIGN_STYLE = Automatic;
				DEFINES_MODULE = YES;
				DEVELOPMENT_TEAM = WG5V7B83H4;
				DYLIB_COMPATIBILITY_VERSION = 1;
				DYLIB_CURRENT_VERSION = 1;
				DYLIB_INSTALL_NAME_BASE = "@rpath";
				INFOPLIST_FILE = "IOTPay-iOS/Info.plist";
				INSTALL_PATH = "$(LOCAL_LIBRARY_DIR)/Frameworks";
				IPHONEOS_DEPLOYMENT_TARGET = 10.0;
				LD_RUNPATH_SEARCH_PATHS = (
					"$(inherited)",
					"@executable_path/Frameworks",
					"@loader_path/Frameworks",
				);
				PRODUCT_BUNDLE_IDENTIFIER = "ca.iotpay.IOTPay-iOS";
				PRODUCT_NAME = "$(TARGET_NAME:c99extidentifier)";
				SKIP_INSTALL = YES;
				SWIFT_VERSION = 5.0;
				TARGETED_DEVICE_FAMILY = "1,2";
			};
			name = Release;
		};
/* End XCBuildConfiguration section */

/* Begin XCConfigurationList section */
		FA343285263654F2009A17C0 /* Build configuration list for PBXProject "IOTPay-iOS" */ = {
			isa = XCConfigurationList;
			buildConfigurations = (
				FA343291263654F2009A17C0 /* Debug */,
				FA343292263654F2009A17C0 /* Release */,
			);
			defaultConfigurationIsVisible = 0;
			defaultConfigurationName = Release;
		};
		FA343293263654F2009A17C0 /* Build configuration list for PBXNativeTarget "IOTPay-iOS" */ = {
			isa = XCConfigurationList;
			buildConfigurations = (
				FA343294263654F2009A17C0 /* Debug */,
				FA343295263654F2009A17C0 /* Release */,
			);
			defaultConfigurationIsVisible = 0;
			defaultConfigurationName = Release;
		};
/* End XCConfigurationList section */
	};
	rootObject = FA343282263654F2009A17C0 /* Project object */;
}
